
Microsoft Visual Studio Solution File, Format Version 12.00
# Visual Studio Version 16
VisualStudioVersion = 16.0.31129.286
MinimumVisualStudioVersion = 10.0.40219.1
Project("{9A19103F-16F7-4668-BE54-9A1E7A4F7556}") = "DeepPurple", "DeepPurple.csproj", "{8CEC0357-5E7D-4C6F-BC96-007B72CBCBC0}"
	ProjectSection(ProjectDependencies) = postProject
		{D9345F6D-1F76-42C4-99D6-697B1B7E491B} = {D9345F6D-1F76-42C4-99D6-697B1B7E491B}
	EndProjectSection
EndProject
Project("{9A19103F-16F7-4668-BE54-9A1E7A4F7556}") = "DeepPurple.ApplicationLogic", "..\DeepPurple.logic\DeepPurple.ApplicationLogic.csproj", "{26227FE9-04EF-4BB6-A589-4A1BDE46C49C}"
EndProject
Project("{9A19103F-16F7-4668-BE54-9A1E7A4F7556}") = "DeepPurple.EFDataAccess", "..\DeepPurple.EFDataAccess\DeepPurple.EFDataAccess.csproj", "{D9345F6D-1F76-42C4-99D6-697B1B7E491B}"
EndProject
Global
	GlobalSection(SolutionConfigurationPlatforms) = preSolution
		Debug|Any CPU = Debug|Any CPU
		Release|Any CPU = Release|Any CPU
	EndGlobalSection
	GlobalSection(ProjectConfigurationPlatforms) = postSolution
		{8CEC0357-5E7D-4C6F-BC96-007B72CBCBC0}.Debug|Any CPU.ActiveCfg = Debug|Any CPU
		{8CEC0357-5E7D-4C6F-BC96-007B72CBCBC0}.Debug|Any CPU.Build.0 = Debug|Any CPU
		{8CEC0357-5E7D-4C6F-BC96-007B72CBCBC0}.Release|Any CPU.ActiveCfg = Release|Any CPU
		{8CEC0357-5E7D-4C6F-BC96-007B72CBCBC0}.Release|Any CPU.Build.0 = Release|Any CPU
		{26227FE9-04EF-4BB6-A589-4A1BDE46C49C}.Debug|Any CPU.ActiveCfg = Debug|Any CPU
		{26227FE9-04EF-4BB6-A589-4A1BDE46C49C}.Debug|Any CPU.Build.0 = Debug|Any CPU
		{26227FE9-04EF-4BB6-A589-4A1BDE46C49C}.Release|Any CPU.ActiveCfg = Release|Any CPU
		{26227FE9-04EF-4BB6-A589-4A1BDE46C49C}.Release|Any CPU.Build.0 = Release|Any CPU
		{D9345F6D-1F76-42C4-99D6-697B1B7E491B}.Debug|Any CPU.ActiveCfg = Debug|Any CPU
		{D9345F6D-1F76-42C4-99D6-697B1B7E491B}.Debug|Any CPU.Build.0 = Debug|Any CPU
		{D9345F6D-1F76-42C4-99D6-697B1B7E491B}.Release|Any CPU.ActiveCfg = Release|Any CPU
		{D9345F6D-1F76-42C4-99D6-697B1B7E491B}.Release|Any CPU.Build.0 = Release|Any CPU
	EndGlobalSection
	GlobalSection(SolutionProperties) = preSolution
		HideSolutionNode = FALSE
	EndGlobalSection
	GlobalSection(ExtensibilityGlobals) = postSolution
		SolutionGuid = {BC32D136-36F3-48D6-99C7-60728AAD38AA}
	EndGlobalSection
EndGlobal
